lockfileVersion: '9.0'

settings:
  autoInstallPeers: true
  excludeLinksFromLockfile: false

importers:

  .:
    dependencies:
      motion:
        specifier: ^12.11.3
        version: 12.11.3

packages:

  framer-motion@12.11.3:
    resolution: {integrity: sha512-ksUtDFBZtrbQFt4bEMFrFgo7camhmXcLeuylKQxEYSd9czkZ4tZmFROxWczWeu51WqC2m91ifpvgGCBLd0uviQ==}
    peerDependencies:
      '@emotion/is-prop-valid': '*'
      react: ^18.0.0 || ^19.0.0
      react-dom: ^18.0.0 || ^19.0.0
    peerDependenciesMeta:
      '@emotion/is-prop-valid':
        optional: true
      react:
        optional: true
      react-dom:
        optional: true

  motion-dom@12.11.2:
    resolution: {integrity: sha512-wZ396XNNTI9GOkyrr80wFSbZc1JbIHSHTbLdririSbkEgahWWKmsHzsxyxqBBvuBU/iaQWVu1YCjdpXYNfo2yQ==}

  motion-utils@12.9.4:
    resolution: {integrity: sha512-BW3I65zeM76CMsfh3kHid9ansEJk9Qvl+K5cu4DVHKGsI52n76OJ4z2CUJUV+Mn3uEP9k1JJA3tClG0ggSrRcg==}

  motion@12.11.3:
    resolution: {integrity: sha512-R9t8IYJ5hSl+Ao5rj6XGS4lJN+fXQstcpwKOcFA5aWjlwjf3IHcHr8DUjPV0My6T/5ZCQ1jqh0pmjggO4zUpEA==}
    peerDependencies:
      '@emotion/is-prop-valid': '*'
      react: ^18.0.0 || ^19.0.0
      react-dom: ^18.0.0 || ^19.0.0
    peerDependenciesMeta:
      '@emotion/is-prop-valid':
        optional: true
      react:
        optional: true
      react-dom:
        optional: true

  tslib@2.8.1:
    resolution: {integrity: sha512-oJFu94HQb+KVduSUQL7wnpmqnfmLsOA/nAh6b6EH0wCEoK0/mPeXU6c3wKDV83MkOuHPRHtSXKKU99IBazS/2w==}

snapshots:

  framer-motion@12.11.3:
    dependencies:
      motion-dom: 12.11.2
      motion-utils: 12.9.4
      tslib: 2.8.1

  motion-dom@12.11.2:
    dependencies:
      motion-utils: 12.9.4

  motion-utils@12.9.4: {}

  motion@12.11.3:
    dependencies:
      framer-motion: 12.11.3
      tslib: 2.8.1

  tslib@2.8.1: {}
